
Microsoft Visual Studio Solution File, Format Version 12.00
# Visual Studio Version 16
VisualStudioVersion = 16.0.31025.194
MinimumVisualStudioVersion = 10.0.40219.1
Project("{FAE04EC0-301F-11D3-BF4B-00C04F79EFBC}") = "ImageAdjuster", "ImageAdjuster\ImageAdjuster.csproj", "{77BFCE92-ED8E-4CD9-82A3-2978AAFBBF8F}"
EndProject
Global
	GlobalSection(SolutionConfigurationPlatforms) = preSolution
		Debug|Any CPU = Debug|Any CPU
		Release|Any CPU = Release|Any CPU
	EndGlobalSection
	GlobalSection(ProjectConfigurationPlatforms) = postSolution
		{77BFCE92-ED8E-4CD9-82A3-2978AAFBBF8F}.Debug|Any CPU.ActiveCfg = Debug|Any CPU
		{77BFCE92-ED8E-4CD9-82A3-2978AAFBBF8F}.Debug|Any CPU.Build.0 = Debug|Any CPU
		{77BFCE92-ED8E-4CD9-82A3-2978AAFBBF8F}.Release|Any CPU.ActiveCfg = Release|Any CPU
		{77BFCE92-ED8E-4CD9-82A3-2978AAFBBF8F}.Release|Any CPU.Build.0 = Release|Any CPU
	EndGlobalSection
	GlobalSection(SolutionProperties) = preSolution
		HideSolutionNode = FALSE
	EndGlobalSection
	GlobalSection(ExtensibilityGlobals) = postSolution
		SolutionGuid = {89104D66-CE63-4A0F-87FE-DB1EB6C57E2C}
	EndGlobalSection
EndGlobal
